
Microsoft Visual Studio Solution File, Format Version 12.00
# Visual Studio Version 16
VisualStudioVersion = 16.0.30204.135
MinimumVisualStudioVersion = 10.0.40219.1
Project("{FAE04EC0-301F-11D3-BF4B-00C04F79EFBC}") = "PhoneBook", "PhoneBook\PhoneBook.csproj", "{37BBCEA0-FA70-447F-BEA6-6145215D2ABD}"
EndProject
Global
	GlobalSection(SolutionConfigurationPlatforms) = preSolution
		Debug|Any CPU = Debug|Any CPU
		Release|Any CPU = Release|Any CPU
	EndGlobalSection
	GlobalSection(ProjectConfigurationPlatforms) = postSolution
		{37BBCEA0-FA70-447F-BEA6-6145215D2ABD}.Debug|Any CPU.ActiveCfg = Debug|Any CPU
		{37BBCEA0-FA70-447F-BEA6-6145215D2ABD}.Debug|Any CPU.Build.0 = Debug|Any CPU
		{37BBCEA0-FA70-447F-BEA6-6145215D2ABD}.Release|Any CPU.ActiveCfg = Release|Any CPU
		{37BBCEA0-FA70-447F-BEA6-6145215D2ABD}.Release|Any CPU.Build.0 = Release|Any CPU
	EndGlobalSection
	GlobalSection(SolutionProperties) = preSolution
		HideSolutionNode = FALSE
	EndGlobalSection
	GlobalSection(ExtensibilityGlobals) = postSolution
		SolutionGuid = {9C73C341-8114-460A-86FD-88329CDA12D8}
	EndGlobalSection
EndGlobal
